
Microsoft Visual Studio Solution File, Format Version 12.00
# Visual Studio Version 16
VisualStudioVersion = 16.0.31019.35
MinimumVisualStudioVersion = 10.0.40219.1
Project("{FAE04EC0-301F-11D3-BF4B-00C04F79EFBC}") = "UmivaleSelector", "UmivaleSelector\UmivaleSelector.csproj", "{6EBDB7C1-AAC9-44A1-A138-D4400E4C4485}"
EndProject
Global
	GlobalSection(SolutionConfigurationPlatforms) = preSolution
		Debug|Any CPU = Debug|Any CPU
		Release|Any CPU = Release|Any CPU
	EndGlobalSection
	GlobalSection(ProjectConfigurationPlatforms) = postSolution
		{6EBDB7C1-AAC9-44A1-A138-D4400E4C4485}.Debug|Any CPU.ActiveCfg = Debug|Any CPU
		{6EBDB7C1-AAC9-44A1-A138-D4400E4C4485}.Debug|Any CPU.Build.0 = Debug|Any CPU
		{6EBDB7C1-AAC9-44A1-A138-D4400E4C4485}.Release|Any CPU.ActiveCfg = Release|Any CPU
		{6EBDB7C1-AAC9-44A1-A138-D4400E4C4485}.Release|Any CPU.Build.0 = Release|Any CPU
	EndGlobalSection
	GlobalSection(SolutionProperties) = preSolution
		HideSolutionNode = FALSE
	EndGlobalSection
	GlobalSection(ExtensibilityGlobals) = postSolution
		SolutionGuid = {D4D3CC59-EE9B-4A30-968F-67E7DB717C55}
	EndGlobalSection
EndGlobal
